<?xml version="1.0" encoding="utf-8"?>
<Project ToolsVersion="4.0" xmlns="http://schemas.microsoft.com/developer/msbuild/2003">
  <ItemGroup>
    <Filter Include="Исходные файлы">
      <UniqueIdentifier>{4FC737F1-C7A5-4376-A066-2A32D752A2FF}</UniqueIdentifier>
      <Extensions>cpp;c;cc;cxx;c++;def;odl;idl;hpj;bat;asm;asmx</Extensions>
    </Filter>
    <Filter Include="Файлы заголовков">
      <UniqueIdentifier>{93995380-89BD-4b04-88EB-625FBE52EBFB}</UniqueIdentifier>
      <Extensions>h;hh;hpp;hxx;h++;hm;inl;inc;ipp;xsd</Extensions>
    </Filter>
    <Filter Include="Файлы ресурсов">
      <UniqueIdentifier>{67DA6AB6-F800-4c08-8B7A-83BB121AAD01}</UniqueIdentifier>
      <Extensions>rc;ico;cur;bmp;dlg;rc2;rct;bin;rgs;gif;jpg;jpeg;jpe;resx;tiff;tif;png;wav;mfcribbon-ms</Extensions>
    </Filter>
    <Filter Include="Classes">
      <UniqueIdentifier>{20e85806-d383-4655-919e-13ddb10779ef}</UniqueIdentifier>
    </Filter>
  </ItemGroup>
  <ItemGroup>
    <ClInclude Include="Inc\ATcpLink.h">
      <Filter>Файлы заголовков</Filter>
    </ClInclude>
    <ClInclude Include="Inc\AUdpLink.h">
      <Filter>Файлы заголовков</Filter>
    </ClInclude>
    <ClInclude Include="Inc\IpDrvClasses.h">
      <Filter>Файлы заголовков</Filter>
    </ClInclude>
    <ClInclude Include="Src\IpDrvPrivate.h">
      <Filter>Файлы заголовков</Filter>
    </ClInclude>
  </ItemGroup>
  <ItemGroup>
    <ClCompile Include="Src\IpDrv.cpp">
      <Filter>Исходные файлы</Filter>
    </ClCompile>
    <ClCompile Include="Src\TcpLink.cpp">
      <Filter>Исходные файлы</Filter>
    </ClCompile>
    <ClCompile Include="Src\UdpLink.cpp">
      <Filter>Исходные файлы</Filter>
    </ClCompile>
  </ItemGroup>
  <ItemGroup>
    <None Include="Classes\ServerUplink.uc">
      <Filter>Classes</Filter>
    </None>
    <None Include="Classes\ServerVerify.uc">
      <Filter>Classes</Filter>
    </None>
    <None Include="Classes\TcpLink.uc">
      <Filter>Classes</Filter>
    </None>
    <None Include="Classes\UdpBeacon.uc">
      <Filter>Classes</Filter>
    </None>
    <None Include="Classes\UdpLink.uc">
      <Filter>Classes</Filter>
    </None>
    <None Include="Classes\ClientBeaconReceiver.uc">
      <Filter>Classes</Filter>
    </None>
    <None Include="Classes\ServerBeacon.uc">
      <Filter>Classes</Filter>
    </None>
    <None Include="Classes\ServerQuery.uc">
      <Filter>Classes</Filter>
    </None>
  </ItemGroup>
</Project>