<?xml version="1.0" encoding="utf-8"?>
<Project ToolsVersion="4.0" xmlns="http://schemas.microsoft.com/developer/msbuild/2003">
  <ItemGroup>
    <Filter Include="Исходные файлы">
      <UniqueIdentifier>{4FC737F1-C7A5-4376-A066-2A32D752A2FF}</UniqueIdentifier>
      <Extensions>cpp;c;cc;cxx;c++;def;odl;idl;hpj;bat;asm;asmx</Extensions>
    </Filter>
    <Filter Include="Файлы заголовков">
      <UniqueIdentifier>{93995380-89BD-4b04-88EB-625FBE52EBFB}</UniqueIdentifier>
      <Extensions>h;hh;hpp;hxx;h++;hm;inl;inc;ipp;xsd</Extensions>
    </Filter>
    <Filter Include="Файлы ресурсов">
      <UniqueIdentifier>{67DA6AB6-F800-4c08-8B7A-83BB121AAD01}</UniqueIdentifier>
      <Extensions>rc;ico;cur;bmp;dlg;rc2;rct;bin;rgs;gif;jpg;jpeg;jpe;resx;tiff;tif;png;wav;mfcribbon-ms</Extensions>
    </Filter>
    <Filter Include="Classes">
      <UniqueIdentifier>{d7659d1e-013e-42c9-ae0c-cbe305cfd961}</UniqueIdentifier>
    </Filter>
    <Filter Include="Texture">
      <UniqueIdentifier>{76d219c5-d3a2-4c5d-8a33-f34e49245294}</UniqueIdentifier>
    </Filter>
  </ItemGroup>
  <ItemGroup>
    <ClInclude Include="Src\Amd3d.h">
      <Filter>Файлы заголовков</Filter>
    </ClInclude>
    <ClInclude Include="Src\EnginePrivate.h">
      <Filter>Файлы заголовков</Filter>
    </ClInclude>
    <ClInclude Include="Src\UnCon.h">
      <Filter>Файлы заголовков</Filter>
    </ClInclude>
    <ClInclude Include="Src\UnPath.h">
      <Filter>Файлы заголовков</Filter>
    </ClInclude>
    <ClInclude Include="Inc\AActor.h">
      <Filter>Файлы заголовков</Filter>
    </ClInclude>
    <ClInclude Include="Inc\ABrush.h">
      <Filter>Файлы заголовков</Filter>
    </ClInclude>
    <ClInclude Include="Inc\ACamera.h">
      <Filter>Файлы заголовков</Filter>
    </ClInclude>
    <ClInclude Include="Inc\AMover.h">
      <Filter>Файлы заголовков</Filter>
    </ClInclude>
    <ClInclude Include="Inc\APawn.h">
      <Filter>Файлы заголовков</Filter>
    </ClInclude>
    <ClInclude Include="Inc\APlayerPawn.h">
      <Filter>Файлы заголовков</Filter>
    </ClInclude>
    <ClInclude Include="Inc\AZoneInfo.h">
      <Filter>Файлы заголовков</Filter>
    </ClInclude>
    <ClInclude Include="Inc\Engine.h">
      <Filter>Файлы заголовков</Filter>
    </ClInclude>
    <ClInclude Include="Inc\EngineClasses.h">
      <Filter>Файлы заголовков</Filter>
    </ClInclude>
    <ClInclude Include="Inc\UnActor.h">
      <Filter>Файлы заголовков</Filter>
    </ClInclude>
    <ClInclude Include="Inc\UnAudio.h">
      <Filter>Файлы заголовков</Filter>
    </ClInclude>
    <ClInclude Include="Inc\UnBunch.h">
      <Filter>Файлы заголовков</Filter>
    </ClInclude>
    <ClInclude Include="Inc\UnCamera.h">
      <Filter>Файлы заголовков</Filter>
    </ClInclude>
    <ClInclude Include="Inc\UnChan.h">
      <Filter>Файлы заголовков</Filter>
    </ClInclude>
    <ClInclude Include="Inc\UnConn.h">
      <Filter>Файлы заголовков</Filter>
    </ClInclude>
    <ClInclude Include="Inc\UnDynBsp.h">
      <Filter>Файлы заголовков</Filter>
    </ClInclude>
    <ClInclude Include="Inc\UnEngine.h">
      <Filter>Файлы заголовков</Filter>
    </ClInclude>
    <ClInclude Include="Inc\UnGame.h">
      <Filter>Файлы заголовков</Filter>
    </ClInclude>
    <ClInclude Include="Inc\UnIn.h">
      <Filter>Файлы заголовков</Filter>
    </ClInclude>
    <ClInclude Include="Inc\UnLevel.h">
      <Filter>Файлы заголовков</Filter>
    </ClInclude>
    <ClInclude Include="Inc\UnMath.h">
      <Filter>Файлы заголовков</Filter>
    </ClInclude>
    <ClInclude Include="Inc\UnMesh.h">
      <Filter>Файлы заголовков</Filter>
    </ClInclude>
    <ClInclude Include="Inc\UnModel.h">
      <Filter>Файлы заголовков</Filter>
    </ClInclude>
    <ClInclude Include="Inc\UnNet.h">
      <Filter>Файлы заголовков</Filter>
    </ClInclude>
    <ClInclude Include="Inc\UnNetDrv.h">
      <Filter>Файлы заголовков</Filter>
    </ClInclude>
    <ClInclude Include="Inc\UnObj.h">
      <Filter>Файлы заголовков</Filter>
    </ClInclude>
    <ClInclude Include="Inc\UnParams.h">
      <Filter>Файлы заголовков</Filter>
    </ClInclude>
    <ClInclude Include="Inc\UnPlayer.h">
      <Filter>Файлы заголовков</Filter>
    </ClInclude>
    <ClInclude Include="Inc\UnPrim.h">
      <Filter>Файлы заголовков</Filter>
    </ClInclude>
    <ClInclude Include="Inc\UnReach.h">
      <Filter>Файлы заголовков</Filter>
    </ClInclude>
    <ClInclude Include="Inc\UnRender.h">
      <Filter>Файлы заголовков</Filter>
    </ClInclude>
    <ClInclude Include="Inc\UnRenDev.h">
      <Filter>Файлы заголовков</Filter>
    </ClInclude>
    <ClInclude Include="Inc\UnTex.h">
      <Filter>Файлы заголовков</Filter>
    </ClInclude>
    <ClInclude Include="Inc\UnURL.h">
      <Filter>Файлы заголовков</Filter>
    </ClInclude>
  </ItemGroup>
  <ItemGroup>
    <ClCompile Include="Src\Engine.cpp">
      <Filter>Исходные файлы</Filter>
    </ClCompile>
    <ClCompile Include="Src\UnActCol.cpp">
      <Filter>Исходные файлы</Filter>
    </ClCompile>
    <ClCompile Include="Src\UnActor.cpp">
      <Filter>Исходные файлы</Filter>
    </ClCompile>
    <ClCompile Include="Src\UnAudio.cpp">
      <Filter>Исходные файлы</Filter>
    </ClCompile>
    <ClCompile Include="Src\UnBunch.cpp">
      <Filter>Исходные файлы</Filter>
    </ClCompile>
    <ClCompile Include="Src\UnCamera.cpp">
      <Filter>Исходные файлы</Filter>
    </ClCompile>
    <ClCompile Include="Src\UnCamMgr.cpp">
      <Filter>Исходные файлы</Filter>
    </ClCompile>
    <ClCompile Include="Src\UnCanvas.cpp">
      <Filter>Исходные файлы</Filter>
    </ClCompile>
    <ClCompile Include="Src\UnChan.cpp">
      <Filter>Исходные файлы</Filter>
    </ClCompile>
    <ClCompile Include="Src\UnCon.cpp">
      <Filter>Исходные файлы</Filter>
    </ClCompile>
    <ClCompile Include="Src\UnConn.cpp">
      <Filter>Исходные файлы</Filter>
    </ClCompile>
    <ClCompile Include="Src\UnDynBsp.cpp">
      <Filter>Исходные файлы</Filter>
    </ClCompile>
    <ClCompile Include="Src\UnEngine.cpp">
      <Filter>Исходные файлы</Filter>
    </ClCompile>
    <ClCompile Include="Src\UnFont.cpp">
      <Filter>Исходные файлы</Filter>
    </ClCompile>
    <ClCompile Include="Src\UnFPoly.cpp">
      <Filter>Исходные файлы</Filter>
    </ClCompile>
    <ClCompile Include="Src\UnGame.cpp">
      <Filter>Исходные файлы</Filter>
    </ClCompile>
    <ClCompile Include="Src\UnIn.cpp">
      <Filter>Исходные файлы</Filter>
    </ClCompile>
    <ClCompile Include="Src\UnLevAct.cpp">
      <Filter>Исходные файлы</Filter>
    </ClCompile>
    <ClCompile Include="Src\UnLevel.cpp">
      <Filter>Исходные файлы</Filter>
    </ClCompile>
    <ClCompile Include="Src\UnLevTic.cpp">
      <Filter>Исходные файлы</Filter>
    </ClCompile>
    <ClCompile Include="Src\UnMath.cpp">
      <Filter>Исходные файлы</Filter>
    </ClCompile>
    <ClCompile Include="Src\UnMesh.cpp">
      <Filter>Исходные файлы</Filter>
    </ClCompile>
    <ClCompile Include="Src\UnModel.cpp">
      <Filter>Исходные файлы</Filter>
    </ClCompile>
    <ClCompile Include="Src\UnMover.cpp">
      <Filter>Исходные файлы</Filter>
    </ClCompile>
    <ClCompile Include="Src\UnParams.cpp">
      <Filter>Исходные файлы</Filter>
    </ClCompile>
    <ClCompile Include="Src\UnPath.cpp">
      <Filter>Исходные файлы</Filter>
    </ClCompile>
    <ClCompile Include="Src\UnPawn.cpp">
      <Filter>Исходные файлы</Filter>
    </ClCompile>
    <ClCompile Include="Src\UnPhysic.cpp">
      <Filter>Исходные файлы</Filter>
    </ClCompile>
    <ClCompile Include="Src\UnPlayer.cpp">
      <Filter>Исходные файлы</Filter>
    </ClCompile>
    <ClCompile Include="Src\UnPrim.cpp">
      <Filter>Исходные файлы</Filter>
    </ClCompile>
    <ClCompile Include="Src\UnReach.cpp">
      <Filter>Исходные файлы</Filter>
    </ClCompile>
    <ClCompile Include="Src\Unreal.cpp">
      <Filter>Исходные файлы</Filter>
    </ClCompile>
    <ClCompile Include="Src\UnRoute.cpp">
      <Filter>Исходные файлы</Filter>
    </ClCompile>
    <ClCompile Include="Src\UnScript.cpp">
      <Filter>Исходные файлы</Filter>
    </ClCompile>
    <ClCompile Include="Src\UnTex.cpp">
      <Filter>Исходные файлы</Filter>
    </ClCompile>
    <ClCompile Include="Src\UnTrace.cpp">
      <Filter>Исходные файлы</Filter>
    </ClCompile>
    <ClCompile Include="Src\UnURL.cpp">
      <Filter>Исходные файлы</Filter>
    </ClCompile>
  </ItemGroup>
  <ItemGroup>
    <None Include="Classes\Ammo.uc">
      <Filter>Classes</Filter>
    </None>
    <None Include="Classes\Bitmap.uc">
      <Filter>Classes</Filter>
    </None>
    <None Include="Classes\BlockAll.uc">
      <Filter>Classes</Filter>
    </None>
    <None Include="Classes\BlockMonsters.uc">
      <Filter>Classes</Filter>
    </None>
    <None Include="Classes\BlockPlayer.uc">
      <Filter>Classes</Filter>
    </None>
    <None Include="Classes\Brush.uc">
      <Filter>Classes</Filter>
    </None>
    <None Include="Classes\ButtonMarker.uc">
      <Filter>Classes</Filter>
    </None>
    <None Include="Classes\Camera.uc">
      <Filter>Classes</Filter>
    </None>
    <None Include="Classes\Canvas.uc">
      <Filter>Classes</Filter>
    </None>
    <None Include="Classes\Carcass.uc">
      <Filter>Classes</Filter>
    </None>
    <None Include="Classes\Console.uc">
      <Filter>Classes</Filter>
    </None>
    <None Include="Classes\Counter.uc">
      <Filter>Classes</Filter>
    </None>
    <None Include="Classes\DamageType.uc">
      <Filter>Classes</Filter>
    </None>
    <None Include="Classes\Decoration.uc">
      <Filter>Classes</Filter>
    </None>
    <None Include="Classes\Dispatcher.uc">
      <Filter>Classes</Filter>
    </None>
    <None Include="Classes\Effects.uc">
      <Filter>Classes</Filter>
    </None>
    <None Include="Classes\Engine.uc">
      <Filter>Classes</Filter>
    </None>
    <None Include="Classes\Fragment.uc">
      <Filter>Classes</Filter>
    </None>
    <None Include="Classes\GameInfo.uc">
      <Filter>Classes</Filter>
    </None>
    <None Include="Classes\HomeBase.uc">
      <Filter>Classes</Filter>
    </None>
    <None Include="Classes\HUD.uc">
      <Filter>Classes</Filter>
    </None>
    <None Include="Classes\Info.uc">
      <Filter>Classes</Filter>
    </None>
    <None Include="Classes\InterpolationPoint.uc">
      <Filter>Classes</Filter>
    </None>
    <None Include="Classes\Inventory.uc">
      <Filter>Classes</Filter>
    </None>
    <None Include="Classes\InventorySpot.uc">
      <Filter>Classes</Filter>
    </None>
    <None Include="Classes\Keypoint.uc">
      <Filter>Classes</Filter>
    </None>
    <None Include="Classes\LevelInfo.uc">
      <Filter>Classes</Filter>
    </None>
    <None Include="Classes\LiftCenter.uc">
      <Filter>Classes</Filter>
    </None>
    <None Include="Classes\LiftExit.uc">
      <Filter>Classes</Filter>
    </None>
    <None Include="Classes\Light.uc">
      <Filter>Classes</Filter>
    </None>
    <None Include="Classes\MapList.uc">
      <Filter>Classes</Filter>
    </None>
    <None Include="Classes\Menu.uc">
      <Filter>Classes</Filter>
    </None>
    <None Include="Classes\Mover.uc">
      <Filter>Classes</Filter>
    </None>
    <None Include="Classes\MusicEvent.uc">
      <Filter>Classes</Filter>
    </None>
    <None Include="Classes\NavigationPoint.uc">
      <Filter>Classes</Filter>
    </None>
    <None Include="Classes\Palette.uc">
      <Filter>Classes</Filter>
    </None>
    <None Include="Classes\PathNode.uc">
      <Filter>Classes</Filter>
    </None>
    <None Include="Classes\PatrolPoint.uc">
      <Filter>Classes</Filter>
    </None>
    <None Include="Classes\Pawn.uc">
      <Filter>Classes</Filter>
    </None>
    <None Include="Classes\Pickup.uc">
      <Filter>Classes</Filter>
    </None>
    <None Include="Classes\Player.uc">
      <Filter>Classes</Filter>
    </None>
    <None Include="Classes\PlayerPawn.uc">
      <Filter>Classes</Filter>
    </None>
    <None Include="Classes\PlayerStart.uc">
      <Filter>Classes</Filter>
    </None>
    <None Include="Classes\Projectile.uc">
      <Filter>Classes</Filter>
    </None>
    <None Include="Classes\RoundRobin.uc">
      <Filter>Classes</Filter>
    </None>
    <None Include="Classes\SavedMove.uc">
      <Filter>Classes</Filter>
    </None>
    <None Include="Classes\ScaledSprite.uc">
      <Filter>Classes</Filter>
    </None>
    <None Include="Classes\ScoreBoard.uc">
      <Filter>Classes</Filter>
    </None>
    <None Include="Classes\Scout.uc">
      <Filter>Classes</Filter>
    </None>
    <None Include="Classes\SkyZoneInfo.uc">
      <Filter>Classes</Filter>
    </None>
    <None Include="Classes\SpecialEvent.uc">
      <Filter>Classes</Filter>
    </None>
    <None Include="Classes\Spectator.uc">
      <Filter>Classes</Filter>
    </None>
    <None Include="Classes\Spotlight.uc">
      <Filter>Classes</Filter>
    </None>
    <None Include="Classes\Teleporter.uc">
      <Filter>Classes</Filter>
    </None>
    <None Include="Classes\TestInfo.uc">
      <Filter>Classes</Filter>
    </None>
    <None Include="Classes\Texture.uc">
      <Filter>Classes</Filter>
    </None>
    <None Include="Classes\Trigger.uc">
      <Filter>Classes</Filter>
    </None>
    <None Include="Classes\TriggerLight.uc">
      <Filter>Classes</Filter>
    </None>
    <None Include="Classes\TriggerMarker.uc">
      <Filter>Classes</Filter>
    </None>
    <None Include="Classes\Triggers.uc">
      <Filter>Classes</Filter>
    </None>
    <None Include="Classes\WarpZoneInfo.uc">
      <Filter>Classes</Filter>
    </None>
    <None Include="Classes\WarpZoneMarker.uc">
      <Filter>Classes</Filter>
    </None>
    <None Include="Classes\WayBeacon.uc">
      <Filter>Classes</Filter>
    </None>
    <None Include="Classes\Weapon.uc">
      <Filter>Classes</Filter>
    </None>
    <None Include="Classes\ZoneInfo.uc">
      <Filter>Classes</Filter>
    </None>
    <None Include="Classes\ZoneTrigger.uc">
      <Filter>Classes</Filter>
    </None>
    <None Include="Classes\Actor.uc">
      <Filter>Classes</Filter>
    </None>
    <None Include="Classes\AmbientSound.uc">
      <Filter>Classes</Filter>
    </None>
    <None Include="Classes\Ambushpoint.uc">
      <Filter>Classes</Filter>
    </None>
    <None Include="Textures\Dispatch.pcx">
      <Filter>Texture</Filter>
    </None>
    <None Include="Textures\Flag1.pcx">
      <Filter>Texture</Filter>
    </None>
    <None Include="Textures\IntrpPnt.pcx">
      <Filter>Texture</Filter>
    </None>
    <None Include="Textures\Inventry.pcx">
      <Filter>Texture</Filter>
    </None>
    <None Include="Textures\KeyPoint.pcx">
      <Filter>Texture</Filter>
    </None>
    <None Include="Textures\LargeFont.pcx">
      <Filter>Texture</Filter>
    </None>
    <None Include="Textures\MedFont.pcx">
      <Filter>Texture</Filter>
    </None>
    <None Include="Textures\PathNode.pcx">
      <Filter>Texture</Filter>
    </None>
    <None Include="Textures\Pawn.pcx">
      <Filter>Texture</Filter>
    </None>
    <None Include="Textures\S_Actor.pcx">
      <Filter>Texture</Filter>
    </None>
    <None Include="Textures\S_Camera.pcx">
      <Filter>Texture</Filter>
    </None>
    <None Include="Textures\S_Light.pcx">
      <Filter>Texture</Filter>
    </None>
    <None Include="Textures\S_Pickup.pcx">
      <Filter>Texture</Filter>
    </None>
    <None Include="Textures\S_Player.pcx">
      <Filter>Texture</Filter>
    </None>
    <None Include="Textures\SwchLite.pcx">
      <Filter>Texture</Filter>
    </None>
    <None Include="Textures\Teleport.pcx">
      <Filter>Texture</Filter>
    </None>
    <None Include="Textures\Trigger.pcx">
      <Filter>Texture</Filter>
    </None>
    <None Include="Textures\TrigSpcl.pcx">
      <Filter>Texture</Filter>
    </None>
    <None Include="Textures\Weapon.pcx">
      <Filter>Texture</Filter>
    </None>
    <None Include="Textures\ZoneInfo.pcx">
      <Filter>Texture</Filter>
    </None>
    <None Include="Textures\Ambient.pcx">
      <Filter>Texture</Filter>
    </None>
    <None Include="Textures\Ammo.pcx">
      <Filter>Texture</Filter>
    </None>
    <None Include="Textures\Backdrop.pcx">
      <Filter>Texture</Filter>
    </None>
    <None Include="Textures\Basic.pcx">
      <Filter>Texture</Filter>
    </None>
    <None Include="Textures\BigFont.pcx">
      <Filter>Texture</Filter>
    </None>
    <None Include="Textures\Border.pcx">
      <Filter>Texture</Filter>
    </None>
    <None Include="Textures\Cloudcast.pcx">
      <Filter>Texture</Filter>
    </None>
    <None Include="Textures\Console.pcx">
      <Filter>Texture</Filter>
    </None>
    <None Include="Textures\Corpse.pcx">
      <Filter>Texture</Filter>
    </None>
    <None Include="Textures\Counter.pcx">
      <Filter>Texture</Filter>
    </None>
    <None Include="Textures\DefaultTexture.pcx">
      <Filter>Texture</Filter>
    </None>
  </ItemGroup>
  <ItemGroup>
    <Image Include="Textures\SmallFont.bmp">
      <Filter>Texture</Filter>
    </Image>
  </ItemGroup>
</Project>