<?xml version="1.0" encoding="utf-8"?>
<Project ToolsVersion="4.0" xmlns="http://schemas.microsoft.com/developer/msbuild/2003">
  <ItemGroup>
    <Filter Include="Исходные файлы">
      <UniqueIdentifier>{4FC737F1-C7A5-4376-A066-2A32D752A2FF}</UniqueIdentifier>
      <Extensions>cpp;c;cc;cxx;c++;def;odl;idl;hpj;bat;asm;asmx</Extensions>
    </Filter>
    <Filter Include="Файлы заголовков">
      <UniqueIdentifier>{93995380-89BD-4b04-88EB-625FBE52EBFB}</UniqueIdentifier>
      <Extensions>h;hh;hpp;hxx;h++;hm;inl;inc;ipp;xsd</Extensions>
    </Filter>
    <Filter Include="Файлы ресурсов">
      <UniqueIdentifier>{67DA6AB6-F800-4c08-8B7A-83BB121AAD01}</UniqueIdentifier>
      <Extensions>rc;ico;cur;bmp;dlg;rc2;rct;bin;rgs;gif;jpg;jpeg;jpe;resx;tiff;tif;png;wav;mfcribbon-ms</Extensions>
    </Filter>
    <Filter Include="Classes">
      <UniqueIdentifier>{5ce6b908-5c05-44aa-abf8-36a1a469aa6c}</UniqueIdentifier>
    </Filter>
    <Filter Include="Textures">
      <UniqueIdentifier>{f956f649-99b1-46fb-90aa-d334ef5813bb}</UniqueIdentifier>
    </Filter>
  </ItemGroup>
  <ItemGroup>
    <ClCompile Include="Src\CoolBsp.cpp">
      <Filter>Исходные файлы</Filter>
    </ClCompile>
    <ClCompile Include="Src\EdHook.cpp">
      <Filter>Исходные файлы</Filter>
    </ClCompile>
    <ClCompile Include="Src\Editor.cpp">
      <Filter>Исходные файлы</Filter>
    </ClCompile>
    <ClCompile Include="Src\UnBsp.cpp">
      <Filter>Исходные файлы</Filter>
    </ClCompile>
    <ClCompile Include="Src\UnEdAct.cpp">
      <Filter>Исходные файлы</Filter>
    </ClCompile>
    <ClCompile Include="Src\UnEdCam.cpp">
      <Filter>Исходные файлы</Filter>
    </ClCompile>
    <ClCompile Include="Src\UnEdClick.cpp">
      <Filter>Исходные файлы</Filter>
    </ClCompile>
    <ClCompile Include="Src\UnEdCnst.cpp">
      <Filter>Исходные файлы</Filter>
    </ClCompile>
    <ClCompile Include="Src\UnEdCsg.cpp">
      <Filter>Исходные файлы</Filter>
    </ClCompile>
    <ClCompile Include="Src\UnEdFact.cpp">
      <Filter>Исходные файлы</Filter>
    </ClCompile>
    <ClCompile Include="Src\UnEditor.cpp">
      <Filter>Исходные файлы</Filter>
    </ClCompile>
    <ClCompile Include="Src\UnEdRend.cpp">
      <Filter>Исходные файлы</Filter>
    </ClCompile>
    <ClCompile Include="Src\UnEdSrv.cpp">
      <Filter>Исходные файлы</Filter>
    </ClCompile>
    <ClCompile Include="Src\UnEdTran.cpp">
      <Filter>Исходные файлы</Filter>
    </ClCompile>
    <ClCompile Include="Src\UnMeshEd.cpp">
      <Filter>Исходные файлы</Filter>
    </ClCompile>
    <ClCompile Include="Src\UnScrCom.cpp">
      <Filter>Исходные файлы</Filter>
    </ClCompile>
    <ClCompile Include="Src\UnShadow.cpp">
      <Filter>Исходные файлы</Filter>
    </ClCompile>
    <ClCompile Include="Src\UnSyntax.cpp">
      <Filter>Исходные файлы</Filter>
    </ClCompile>
    <ClCompile Include="Src\UnTopics.cpp">
      <Filter>Исходные файлы</Filter>
    </ClCompile>
    <ClCompile Include="Src\UnVisi.cpp">
      <Filter>Исходные файлы</Filter>
    </ClCompile>
  </ItemGroup>
  <ItemGroup>
    <ClInclude Include="Src\Editor.h">
      <Filter>Файлы заголовков</Filter>
    </ClInclude>
    <ClInclude Include="Src\EditorPrivate.h">
      <Filter>Файлы заголовков</Filter>
    </ClInclude>
    <ClInclude Include="Src\UnEdTran.h">
      <Filter>Файлы заголовков</Filter>
    </ClInclude>
    <ClInclude Include="Src\UnScrCom.h">
      <Filter>Файлы заголовков</Filter>
    </ClInclude>
    <ClInclude Include="Src\UnTopics.h">
      <Filter>Файлы заголовков</Filter>
    </ClInclude>
    <ClInclude Include="Inc\EditorClasses.h">
      <Filter>Файлы заголовков</Filter>
    </ClInclude>
  </ItemGroup>
  <ItemGroup>
    <None Include="Classes\EditorEngine.uc">
      <Filter>Classes</Filter>
    </None>
    <None Include="Textures\B_MENUDN.PCX">
      <Filter>Textures</Filter>
    </None>
    <None Include="Textures\B_MENUUP.PCX">
      <Filter>Textures</Filter>
    </None>
    <None Include="Textures\B_PLYROF.PCX">
      <Filter>Textures</Filter>
    </None>
    <None Include="Textures\B_PLYRON.PCX">
      <Filter>Textures</Filter>
    </None>
    <None Include="Textures\BAD.PCX">
      <Filter>Textures</Filter>
    </None>
    <None Include="Textures\Bkgnd.pcx">
      <Filter>Textures</Filter>
    </None>
    <None Include="Textures\BkgndHi.pcx">
      <Filter>Textures</Filter>
    </None>
    <None Include="Textures\B_COLLOF.PCX">
      <Filter>Textures</Filter>
    </None>
    <None Include="Textures\B_COLLON.PCX">
      <Filter>Textures</Filter>
    </None>
    <None Include="Textures\B_LITEOF.PCX">
      <Filter>Textures</Filter>
    </None>
    <None Include="Textures\B_LITEON.PCX">
      <Filter>Textures</Filter>
    </None>
  </ItemGroup>
</Project>