
Microsoft Visual Studio Solution File, Format Version 12.00
# Visual Studio Version 16
VisualStudioVersion = 16.0.30011.22
MinimumVisualStudioVersion = 10.0.40219.1
Project("{8BC9CEB8-8B4A-11D0-8D11-00A0C91BC942}") = "Core", "Core\Core.vcxproj", "{BAF018CA-1C52-490F-A9AF-FDBF485804A4}"
EndProject
Project("{8BC9CEB8-8B4A-11D0-8D11-00A0C91BC942}") = "Engine", "Engine\Engine.vcxproj", "{D02C2D00-855E-4629-8EC0-31D40C212EC9}"
EndProject
Project("{8BC9CEB8-8B4A-11D0-8D11-00A0C91BC942}") = "Render", "Render\Render.vcxproj", "{89EF1186-CBBB-4212-8B9F-E6925A13A1D6}"
EndProject
Project("{8BC9CEB8-8B4A-11D0-8D11-00A0C91BC942}") = "Window", "Window\Window.vcxproj", "{160E09C4-F89B-42BC-9748-21A3D3478A35}"
EndProject
Project("{8BC9CEB8-8B4A-11D0-8D11-00A0C91BC942}") = "SoftDrv", "SoftDrv\SoftDrv.vcxproj", "{7B9C732B-B700-4662-970F-EE83C705E676}"
EndProject
Project("{8BC9CEB8-8B4A-11D0-8D11-00A0C91BC942}") = "IpDrv", "IpDrv\IpDrv.vcxproj", "{C9CB1D37-1D37-4B2A-8B22-D760778A261A}"
EndProject
Project("{8BC9CEB8-8B4A-11D0-8D11-00A0C91BC942}") = "SoundDrv", "SoundDrv\SoundDrv.vcxproj", "{26B453EB-CDD3-4B5C-944C-E9F5FA5B51CD}"
EndProject
Project("{8BC9CEB8-8B4A-11D0-8D11-00A0C91BC942}") = "Fire", "Fire\Fire.vcxproj", "{E2D30906-A33B-4646-B337-021CF9643C4A}"
EndProject
Project("{8BC9CEB8-8B4A-11D0-8D11-00A0C91BC942}") = "Editor", "Editor\Editor.vcxproj", "{FC157167-D38D-4E73-ADF5-50A1467E398F}"
EndProject
Project("{8BC9CEB8-8B4A-11D0-8D11-00A0C91BC942}") = "Unreal", "Unreal\Unreal.vcxproj", "{C5D248EB-E829-471C-878E-874B7F2C2F71}"
	ProjectSection(ProjectDependencies) = postProject
		{E2D30906-A33B-4646-B337-021CF9643C4A} = {E2D30906-A33B-4646-B337-021CF9643C4A}
		{7B9C732B-B700-4662-970F-EE83C705E676} = {7B9C732B-B700-4662-970F-EE83C705E676}
		{C9CB1D37-1D37-4B2A-8B22-D760778A261A} = {C9CB1D37-1D37-4B2A-8B22-D760778A261A}
		{FC157167-D38D-4E73-ADF5-50A1467E398F} = {FC157167-D38D-4E73-ADF5-50A1467E398F}
		{BB1B576C-4224-4189-8DBB-C799A604F23E} = {BB1B576C-4224-4189-8DBB-C799A604F23E}
		{26B453EB-CDD3-4B5C-944C-E9F5FA5B51CD} = {26B453EB-CDD3-4B5C-944C-E9F5FA5B51CD}
	EndProjectSection
EndProject
Project("{8BC9CEB8-8B4A-11D0-8D11-00A0C91BC942}") = "WinDrv", "WinDrv\WinDrv.vcxproj", "{BB1B576C-4224-4189-8DBB-C799A604F23E}"
EndProject
Project("{F184B08F-C81C-45F6-A57F-5ABD9991F28F}") = "UnrealEd_New", "UnrealEd\UnrealEd_New.vbproj", "{F4866E18-8754-48FE-9B75-B113032414ED}"
	ProjectSection(ProjectDependencies) = postProject
		{7B9C732B-B700-4662-970F-EE83C705E676} = {7B9C732B-B700-4662-970F-EE83C705E676}
		{C9CB1D37-1D37-4B2A-8B22-D760778A261A} = {C9CB1D37-1D37-4B2A-8B22-D760778A261A}
		{FC157167-D38D-4E73-ADF5-50A1467E398F} = {FC157167-D38D-4E73-ADF5-50A1467E398F}
		{BB1B576C-4224-4189-8DBB-C799A604F23E} = {BB1B576C-4224-4189-8DBB-C799A604F23E}
		{26B453EB-CDD3-4B5C-944C-E9F5FA5B51CD} = {26B453EB-CDD3-4B5C-944C-E9F5FA5B51CD}
	EndProjectSection
EndProject
Global
	GlobalSection(SolutionConfigurationPlatforms) = preSolution
		Debug|Any CPU = Debug|Any CPU
		Debug|x64 = Debug|x64
		Debug|x86 = Debug|x86
		Release|Any CPU = Release|Any CPU
		Release|x64 = Release|x64
		Release|x86 = Release|x86
	EndGlobalSection
	GlobalSection(ProjectConfigurationPlatforms) = postSolution
		{BAF018CA-1C52-490F-A9AF-FDBF485804A4}.Debug|Any CPU.ActiveCfg = Debug|Win32
		{BAF018CA-1C52-490F-A9AF-FDBF485804A4}.Debug|x64.ActiveCfg = Debug|x64
		{BAF018CA-1C52-490F-A9AF-FDBF485804A4}.Debug|x64.Build.0 = Debug|x64
		{BAF018CA-1C52-490F-A9AF-FDBF485804A4}.Debug|x86.ActiveCfg = Debug|Win32
		{BAF018CA-1C52-490F-A9AF-FDBF485804A4}.Debug|x86.Build.0 = Debug|Win32
		{BAF018CA-1C52-490F-A9AF-FDBF485804A4}.Release|Any CPU.ActiveCfg = Release|Win32
		{BAF018CA-1C52-490F-A9AF-FDBF485804A4}.Release|x64.ActiveCfg = Release|x64
		{BAF018CA-1C52-490F-A9AF-FDBF485804A4}.Release|x64.Build.0 = Release|x64
		{BAF018CA-1C52-490F-A9AF-FDBF485804A4}.Release|x86.ActiveCfg = Release|Win32
		{BAF018CA-1C52-490F-A9AF-FDBF485804A4}.Release|x86.Build.0 = Release|Win32
		{D02C2D00-855E-4629-8EC0-31D40C212EC9}.Debug|Any CPU.ActiveCfg = Debug|Win32
		{D02C2D00-855E-4629-8EC0-31D40C212EC9}.Debug|x64.ActiveCfg = Debug|x64
		{D02C2D00-855E-4629-8EC0-31D40C212EC9}.Debug|x64.Build.0 = Debug|x64
		{D02C2D00-855E-4629-8EC0-31D40C212EC9}.Debug|x86.ActiveCfg = Debug|Win32
		{D02C2D00-855E-4629-8EC0-31D40C212EC9}.Debug|x86.Build.0 = Debug|Win32
		{D02C2D00-855E-4629-8EC0-31D40C212EC9}.Release|Any CPU.ActiveCfg = Release|Win32
		{D02C2D00-855E-4629-8EC0-31D40C212EC9}.Release|x64.ActiveCfg = Release|x64
		{D02C2D00-855E-4629-8EC0-31D40C212EC9}.Release|x64.Build.0 = Release|x64
		{D02C2D00-855E-4629-8EC0-31D40C212EC9}.Release|x86.ActiveCfg = Release|Win32
		{D02C2D00-855E-4629-8EC0-31D40C212EC9}.Release|x86.Build.0 = Release|Win32
		{89EF1186-CBBB-4212-8B9F-E6925A13A1D6}.Debug|Any CPU.ActiveCfg = Debug|Win32
		{89EF1186-CBBB-4212-8B9F-E6925A13A1D6}.Debug|x64.ActiveCfg = Debug|x64
		{89EF1186-CBBB-4212-8B9F-E6925A13A1D6}.Debug|x64.Build.0 = Debug|x64
		{89EF1186-CBBB-4212-8B9F-E6925A13A1D6}.Debug|x86.ActiveCfg = Debug|Win32
		{89EF1186-CBBB-4212-8B9F-E6925A13A1D6}.Debug|x86.Build.0 = Debug|Win32
		{89EF1186-CBBB-4212-8B9F-E6925A13A1D6}.Release|Any CPU.ActiveCfg = Release|Win32
		{89EF1186-CBBB-4212-8B9F-E6925A13A1D6}.Release|x64.ActiveCfg = Release|x64
		{89EF1186-CBBB-4212-8B9F-E6925A13A1D6}.Release|x64.Build.0 = Release|x64
		{89EF1186-CBBB-4212-8B9F-E6925A13A1D6}.Release|x86.ActiveCfg = Release|Win32
		{89EF1186-CBBB-4212-8B9F-E6925A13A1D6}.Release|x86.Build.0 = Release|Win32
		{160E09C4-F89B-42BC-9748-21A3D3478A35}.Debug|Any CPU.ActiveCfg = Debug|Win32
		{160E09C4-F89B-42BC-9748-21A3D3478A35}.Debug|x64.ActiveCfg = Debug|x64
		{160E09C4-F89B-42BC-9748-21A3D3478A35}.Debug|x64.Build.0 = Debug|x64
		{160E09C4-F89B-42BC-9748-21A3D3478A35}.Debug|x86.ActiveCfg = Debug|Win32
		{160E09C4-F89B-42BC-9748-21A3D3478A35}.Debug|x86.Build.0 = Debug|Win32
		{160E09C4-F89B-42BC-9748-21A3D3478A35}.Release|Any CPU.ActiveCfg = Release|Win32
		{160E09C4-F89B-42BC-9748-21A3D3478A35}.Release|x64.ActiveCfg = Release|x64
		{160E09C4-F89B-42BC-9748-21A3D3478A35}.Release|x64.Build.0 = Release|x64
		{160E09C4-F89B-42BC-9748-21A3D3478A35}.Release|x86.ActiveCfg = Release|Win32
		{160E09C4-F89B-42BC-9748-21A3D3478A35}.Release|x86.Build.0 = Release|Win32
		{7B9C732B-B700-4662-970F-EE83C705E676}.Debug|Any CPU.ActiveCfg = Debug|Win32
		{7B9C732B-B700-4662-970F-EE83C705E676}.Debug|x64.ActiveCfg = Debug|x64
		{7B9C732B-B700-4662-970F-EE83C705E676}.Debug|x64.Build.0 = Debug|x64
		{7B9C732B-B700-4662-970F-EE83C705E676}.Debug|x86.ActiveCfg = Debug|Win32
		{7B9C732B-B700-4662-970F-EE83C705E676}.Debug|x86.Build.0 = Debug|Win32
		{7B9C732B-B700-4662-970F-EE83C705E676}.Release|Any CPU.ActiveCfg = Release|Win32
		{7B9C732B-B700-4662-970F-EE83C705E676}.Release|x64.ActiveCfg = Release|x64
		{7B9C732B-B700-4662-970F-EE83C705E676}.Release|x64.Build.0 = Release|x64
		{7B9C732B-B700-4662-970F-EE83C705E676}.Release|x86.ActiveCfg = Release|Win32
		{7B9C732B-B700-4662-970F-EE83C705E676}.Release|x86.Build.0 = Release|Win32
		{C9CB1D37-1D37-4B2A-8B22-D760778A261A}.Debug|Any CPU.ActiveCfg = Debug|Win32
		{C9CB1D37-1D37-4B2A-8B22-D760778A261A}.Debug|x64.ActiveCfg = Debug|x64
		{C9CB1D37-1D37-4B2A-8B22-D760778A261A}.Debug|x64.Build.0 = Debug|x64
		{C9CB1D37-1D37-4B2A-8B22-D760778A261A}.Debug|x86.ActiveCfg = Debug|Win32
		{C9CB1D37-1D37-4B2A-8B22-D760778A261A}.Debug|x86.Build.0 = Debug|Win32
		{C9CB1D37-1D37-4B2A-8B22-D760778A261A}.Release|Any CPU.ActiveCfg = Release|Win32
		{C9CB1D37-1D37-4B2A-8B22-D760778A261A}.Release|x64.ActiveCfg = Release|x64
		{C9CB1D37-1D37-4B2A-8B22-D760778A261A}.Release|x64.Build.0 = Release|x64
		{C9CB1D37-1D37-4B2A-8B22-D760778A261A}.Release|x86.ActiveCfg = Release|Win32
		{C9CB1D37-1D37-4B2A-8B22-D760778A261A}.Release|x86.Build.0 = Release|Win32
		{26B453EB-CDD3-4B5C-944C-E9F5FA5B51CD}.Debug|Any CPU.ActiveCfg = Debug|Win32
		{26B453EB-CDD3-4B5C-944C-E9F5FA5B51CD}.Debug|x64.ActiveCfg = Debug|x64
		{26B453EB-CDD3-4B5C-944C-E9F5FA5B51CD}.Debug|x64.Build.0 = Debug|x64
		{26B453EB-CDD3-4B5C-944C-E9F5FA5B51CD}.Debug|x86.ActiveCfg = Debug|Win32
		{26B453EB-CDD3-4B5C-944C-E9F5FA5B51CD}.Debug|x86.Build.0 = Debug|Win32
		{26B453EB-CDD3-4B5C-944C-E9F5FA5B51CD}.Release|Any CPU.ActiveCfg = Release|Win32
		{26B453EB-CDD3-4B5C-944C-E9F5FA5B51CD}.Release|x64.ActiveCfg = Release|x64
		{26B453EB-CDD3-4B5C-944C-E9F5FA5B51CD}.Release|x64.Build.0 = Release|x64
		{26B453EB-CDD3-4B5C-944C-E9F5FA5B51CD}.Release|x86.ActiveCfg = Release|Win32
		{26B453EB-CDD3-4B5C-944C-E9F5FA5B51CD}.Release|x86.Build.0 = Release|Win32
		{E2D30906-A33B-4646-B337-021CF9643C4A}.Debug|Any CPU.ActiveCfg = Debug|Win32
		{E2D30906-A33B-4646-B337-021CF9643C4A}.Debug|x64.ActiveCfg = Debug|x64
		{E2D30906-A33B-4646-B337-021CF9643C4A}.Debug|x64.Build.0 = Debug|x64
		{E2D30906-A33B-4646-B337-021CF9643C4A}.Debug|x86.ActiveCfg = Debug|Win32
		{E2D30906-A33B-4646-B337-021CF9643C4A}.Debug|x86.Build.0 = Debug|Win32
		{E2D30906-A33B-4646-B337-021CF9643C4A}.Release|Any CPU.ActiveCfg = Release|Win32
		{E2D30906-A33B-4646-B337-021CF9643C4A}.Release|x64.ActiveCfg = Release|x64
		{E2D30906-A33B-4646-B337-021CF9643C4A}.Release|x64.Build.0 = Release|x64
		{E2D30906-A33B-4646-B337-021CF9643C4A}.Release|x86.ActiveCfg = Release|Win32
		{E2D30906-A33B-4646-B337-021CF9643C4A}.Release|x86.Build.0 = Release|Win32
		{FC157167-D38D-4E73-ADF5-50A1467E398F}.Debug|Any CPU.ActiveCfg = Debug|Win32
		{FC157167-D38D-4E73-ADF5-50A1467E398F}.Debug|x64.ActiveCfg = Debug|x64
		{FC157167-D38D-4E73-ADF5-50A1467E398F}.Debug|x64.Build.0 = Debug|x64
		{FC157167-D38D-4E73-ADF5-50A1467E398F}.Debug|x86.ActiveCfg = Debug|Win32
		{FC157167-D38D-4E73-ADF5-50A1467E398F}.Debug|x86.Build.0 = Debug|Win32
		{FC157167-D38D-4E73-ADF5-50A1467E398F}.Release|Any CPU.ActiveCfg = Release|Win32
		{FC157167-D38D-4E73-ADF5-50A1467E398F}.Release|x64.ActiveCfg = Release|x64
		{FC157167-D38D-4E73-ADF5-50A1467E398F}.Release|x64.Build.0 = Release|x64
		{FC157167-D38D-4E73-ADF5-50A1467E398F}.Release|x86.ActiveCfg = Release|Win32
		{FC157167-D38D-4E73-ADF5-50A1467E398F}.Release|x86.Build.0 = Release|Win32
		{C5D248EB-E829-471C-878E-874B7F2C2F71}.Debug|Any CPU.ActiveCfg = Debug|Win32
		{C5D248EB-E829-471C-878E-874B7F2C2F71}.Debug|x64.ActiveCfg = Debug|x64
		{C5D248EB-E829-471C-878E-874B7F2C2F71}.Debug|x64.Build.0 = Debug|x64
		{C5D248EB-E829-471C-878E-874B7F2C2F71}.Debug|x86.ActiveCfg = Debug|Win32
		{C5D248EB-E829-471C-878E-874B7F2C2F71}.Debug|x86.Build.0 = Debug|Win32
		{C5D248EB-E829-471C-878E-874B7F2C2F71}.Release|Any CPU.ActiveCfg = Release|Win32
		{C5D248EB-E829-471C-878E-874B7F2C2F71}.Release|x64.ActiveCfg = Release|x64
		{C5D248EB-E829-471C-878E-874B7F2C2F71}.Release|x64.Build.0 = Release|x64
		{C5D248EB-E829-471C-878E-874B7F2C2F71}.Release|x86.ActiveCfg = Release|Win32
		{C5D248EB-E829-471C-878E-874B7F2C2F71}.Release|x86.Build.0 = Release|Win32
		{BB1B576C-4224-4189-8DBB-C799A604F23E}.Debug|Any CPU.ActiveCfg = Debug|Win32
		{BB1B576C-4224-4189-8DBB-C799A604F23E}.Debug|x64.ActiveCfg = Debug|x64
		{BB1B576C-4224-4189-8DBB-C799A604F23E}.Debug|x64.Build.0 = Debug|x64
		{BB1B576C-4224-4189-8DBB-C799A604F23E}.Debug|x86.ActiveCfg = Debug|Win32
		{BB1B576C-4224-4189-8DBB-C799A604F23E}.Debug|x86.Build.0 = Debug|Win32
		{BB1B576C-4224-4189-8DBB-C799A604F23E}.Release|Any CPU.ActiveCfg = Release|Win32
		{BB1B576C-4224-4189-8DBB-C799A604F23E}.Release|x64.ActiveCfg = Release|x64
		{BB1B576C-4224-4189-8DBB-C799A604F23E}.Release|x64.Build.0 = Release|x64
		{BB1B576C-4224-4189-8DBB-C799A604F23E}.Release|x86.ActiveCfg = Release|Win32
		{BB1B576C-4224-4189-8DBB-C799A604F23E}.Release|x86.Build.0 = Release|Win32
		{F4866E18-8754-48FE-9B75-B113032414ED}.Debug|Any CPU.ActiveCfg = Debug|Any CPU
		{F4866E18-8754-48FE-9B75-B113032414ED}.Debug|Any CPU.Build.0 = Debug|Any CPU
		{F4866E18-8754-48FE-9B75-B113032414ED}.Debug|x64.ActiveCfg = Debug|Any CPU
		{F4866E18-8754-48FE-9B75-B113032414ED}.Debug|x64.Build.0 = Debug|Any CPU
		{F4866E18-8754-48FE-9B75-B113032414ED}.Debug|x86.ActiveCfg = Debug|Any CPU
		{F4866E18-8754-48FE-9B75-B113032414ED}.Debug|x86.Build.0 = Debug|Any CPU
		{F4866E18-8754-48FE-9B75-B113032414ED}.Release|Any CPU.ActiveCfg = Release|Any CPU
		{F4866E18-8754-48FE-9B75-B113032414ED}.Release|Any CPU.Build.0 = Release|Any CPU
		{F4866E18-8754-48FE-9B75-B113032414ED}.Release|x64.ActiveCfg = Release|Any CPU
		{F4866E18-8754-48FE-9B75-B113032414ED}.Release|x64.Build.0 = Release|Any CPU
		{F4866E18-8754-48FE-9B75-B113032414ED}.Release|x86.ActiveCfg = Release|Any CPU
		{F4866E18-8754-48FE-9B75-B113032414ED}.Release|x86.Build.0 = Release|Any CPU
	EndGlobalSection
	GlobalSection(SolutionProperties) = preSolution
		HideSolutionNode = FALSE
	EndGlobalSection
	GlobalSection(ExtensibilityGlobals) = postSolution
		SolutionGuid = {1933BDB3-D3AD-4EBE-BF00-96896F166B3E}
	EndGlobalSection
EndGlobal
